{
  "name": "QBxR",
  "lockfileVersion": 3,
  "requires": true,
  "packages": {
    "": {
      "dependencies": {
        "react-unity-webgl": "^9.5.1",
        "unity-package-installer": "^0.3.1"
      }
    },
    "node_modules/colors": {
      "version": "1.1.2",
      "resolved": "https://registry.npmjs.org/colors/-/colors-1.1.2.tgz",
      "integrity": "sha512-ENwblkFQpqqia6b++zLD/KUWafYlVY/UNnAp7oz7LY7E924wmpye416wBOmvv/HMWzl8gL1kJlfvId/1Dg176w==",
      "engines": {
        "node": ">=0.1.90"
      }
    },
    "node_modules/dive": {
      "version": "0.5.0",
      "resolved": "https://registry.npmjs.org/dive/-/dive-0.5.0.tgz",
      "integrity": "sha512-T46KS5Qo6lYEx2nwGjh+VE36YEr2uJoXmrkZS7Skbl/LKowrV+OzzRTLcHIE1P38LAhpJOprYX5ysV9Rm3DLKw==",
      "engines": {
        "node": ">= 0.4.0"
      }
    },
    "node_modules/find-parent-dir": {
      "version": "0.3.1",
      "resolved": "https://registry.npmjs.org/find-parent-dir/-/find-parent-dir-0.3.1.tgz",
      "integrity": "sha512-o4UcykWV/XN9wm+jMEtWLPlV8RXCZnMhQI6F6OdHeSez7iiJWePw8ijOlskJZMsaQoGR/b7dH6lO02HhaTN7+A=="
    },
    "node_modules/js-tokens": {
      "version": "4.0.0",
      "resolved": "https://registry.npmjs.org/js-tokens/-/js-tokens-4.0.0.tgz",
      "integrity": "sha512-RdJUflcE3cUzKiMqQgsCu06FPu9UdIJO0beYbPhHN4k6apgJtifcoCtT9bcxOpYBtpD2kCM6Sbzg4CausW/PKQ==",
      "peer": true
    },
    "node_modules/loose-envify": {
      "version": "1.4.0",
      "resolved": "https://registry.npmjs.org/loose-envify/-/loose-envify-1.4.0.tgz",
      "integrity": "sha512-lyuxPGr/Wfhrlem2CL/UcnUc1zcqKAImBDzukY7Y5F/yQiNdko6+fRLevlw1HgMySw7f611UIY408EtxRSoK3Q==",
      "peer": true,
      "dependencies": {
        "js-tokens": "^3.0.0 || ^4.0.0"
      },
      "bin": {
        "loose-envify": "cli.js"
      }
    },
    "node_modules/minimist": {
      "version": "1.2.8",
      "resolved": "https://registry.npmjs.org/minimist/-/minimist-1.2.8.tgz",
      "integrity": "sha512-2yyAR8qBkN3YuheJanUpWC5U3bb5osDywNB8RzDVlDwDHbocAJveqqj1u8+SVD7jkWT4yvsHCpWqqWqAxb0zCA==",
      "funding": {
        "url": "https://github.com/sponsors/ljharb"
      }
    },
    "node_modules/mkdirp": {
      "version": "0.5.6",
      "resolved": "https://registry.npmjs.org/mkdirp/-/mkdirp-0.5.6.tgz",
      "integrity": "sha512-FP+p8RB8OWpF3YZBCrP5gtADmtXApB5AMLn+vdyA+PyxCjrCs00mjyUozssO33cwDeT3wNGdLxJ5M//YqtHAJw==",
      "dependencies": {
        "minimist": "^1.2.6"
      },
      "bin": {
        "mkdirp": "bin/cmd.js"
      }
    },
    "node_modules/ncp": {
      "version": "2.0.0",
      "resolved": "https://registry.npmjs.org/ncp/-/ncp-2.0.0.tgz",
      "integrity": "sha512-zIdGUrPRFTUELUvr3Gmc7KZ2Sw/h1PiVM0Af/oHB6zgnV1ikqSfRk+TOufi79aHYCW3NiOXmr1BP5nWbzojLaA==",
      "bin": {
        "ncp": "bin/ncp"
      }
    },
    "node_modules/react": {
      "version": "18.2.0",
      "resolved": "https://registry.npmjs.org/react/-/react-18.2.0.tgz",
      "integrity": "sha512-/3IjMdb2L9QbBdWiW5e3P2/npwMBaU9mHCSCUzNln0ZCYbcfTsGbTJrU/kGemdH2IWmB2ioZ+zkxtmq6g09fGQ==",
      "peer": true,
      "dependencies": {
        "loose-envify": "^1.1.0"
      },
      "engines": {
        "node": ">=0.10.0"
      }
    },
    "node_modules/react-unity-webgl": {
      "version": "9.5.1",
      "resolved": "https://registry.npmjs.org/react-unity-webgl/-/react-unity-webgl-9.5.1.tgz",
      "integrity": "sha512-7zQmJR7gfzyAW/oXjMDMDozVmdEzktzm54vbftcbtS5bGXGUE8S9BYeXElQyugdUL1tY7EC7UpF+9nQPcwGhIQ==",
      "funding": [
        {
          "type": "github",
          "url": "https://github.com/sponsors/jeffreylanters"
        },
        {
          "type": "website",
          "url": "https://react-unity-webgl.dev/support"
        }
      ],
      "peerDependencies": {
        "react": ">=16.8.0"
      }
    },
    "node_modules/unity-package-installer": {
      "version": "0.3.1",
      "resolved": "https://registry.npmjs.org/unity-package-installer/-/unity-package-installer-0.3.1.tgz",
      "integrity": "sha512-fuwVsdcyNOC00Xd/J2m5frP6oGPwNxCL9kDnuD0OkvBTJYu7BtlAdvBnRvuz669DwUEwbus1jjjaNhohM2e2VQ==",
      "hasInstallScript": true,
      "dependencies": {
        "colors": "1.1.2",
        "dive": "0.5.0",
        "find-parent-dir": "^0.3.0",
        "mkdirp": "^0.5.1",
        "ncp": "^2.0.0"
      }
    }
  }
}
